
Microsoft Visual Studio Solution File, Format Version 12.00
# Visual Studio Version 17
VisualStudioVersion = 17.0.31919.166
MinimumVisualStudioVersion = 10.0.40219.1
Project("{9A19103F-16F7-4668-BE54-9A1E7A4F7556}") = "WebAPI", "WebAPI\WebAPI.csproj", "{1F11BB5D-9B69-4C9B-89B2-FB26543DB50B}"
EndProject
Project("{9A19103F-16F7-4668-BE54-9A1E7A4F7556}") = "Core", "Core\Core.csproj", "{8C3AE3C1-7E04-4558-9204-DF8181CAB84F}"
EndProject
Project("{9A19103F-16F7-4668-BE54-9A1E7A4F7556}") = "Data", "Data\Data.csproj", "{0B0F944A-2523-4091-B2DC-43B9B2420568}"
EndProject
Project("{9A19103F-16F7-4668-BE54-9A1E7A4F7556}") = "Service", "Service\Service.csproj", "{45911770-3558-4629-8D51-AA752351C48A}"
EndProject
Project("{FAE04EC0-301F-11D3-BF4B-00C04F79EFBC}") = "WebUI", "WebUI\WebUI.csproj", "{456911AD-63A9-4441-AB04-95AE096820FB}"
EndProject
Global
	GlobalSection(SolutionConfigurationPlatforms) = preSolution
		Debug|Any CPU = Debug|Any CPU
		Release|Any CPU = Release|Any CPU
	EndGlobalSection
	GlobalSection(ProjectConfigurationPlatforms) = postSolution
		{1F11BB5D-9B69-4C9B-89B2-FB26543DB50B}.Debug|Any CPU.ActiveCfg = Debug|Any CPU
		{1F11BB5D-9B69-4C9B-89B2-FB26543DB50B}.Debug|Any CPU.Build.0 = Debug|Any CPU
		{1F11BB5D-9B69-4C9B-89B2-FB26543DB50B}.Release|Any CPU.ActiveCfg = Release|Any CPU
		{1F11BB5D-9B69-4C9B-89B2-FB26543DB50B}.Release|Any CPU.Build.0 = Release|Any CPU
		{8C3AE3C1-7E04-4558-9204-DF8181CAB84F}.Debug|Any CPU.ActiveCfg = Debug|Any CPU
		{8C3AE3C1-7E04-4558-9204-DF8181CAB84F}.Debug|Any CPU.Build.0 = Debug|Any CPU
		{8C3AE3C1-7E04-4558-9204-DF8181CAB84F}.Release|Any CPU.ActiveCfg = Release|Any CPU
		{8C3AE3C1-7E04-4558-9204-DF8181CAB84F}.Release|Any CPU.Build.0 = Release|Any CPU
		{0B0F944A-2523-4091-B2DC-43B9B2420568}.Debug|Any CPU.ActiveCfg = Debug|Any CPU
		{0B0F944A-2523-4091-B2DC-43B9B2420568}.Debug|Any CPU.Build.0 = Debug|Any CPU
		{0B0F944A-2523-4091-B2DC-43B9B2420568}.Release|Any CPU.ActiveCfg = Release|Any CPU
		{0B0F944A-2523-4091-B2DC-43B9B2420568}.Release|Any CPU.Build.0 = Release|Any CPU
		{45911770-3558-4629-8D51-AA752351C48A}.Debug|Any CPU.ActiveCfg = Debug|Any CPU
		{45911770-3558-4629-8D51-AA752351C48A}.Debug|Any CPU.Build.0 = Debug|Any CPU
		{45911770-3558-4629-8D51-AA752351C48A}.Release|Any CPU.ActiveCfg = Release|Any CPU
		{45911770-3558-4629-8D51-AA752351C48A}.Release|Any CPU.Build.0 = Release|Any CPU
		{456911AD-63A9-4441-AB04-95AE096820FB}.Debug|Any CPU.ActiveCfg = Debug|Any CPU
		{456911AD-63A9-4441-AB04-95AE096820FB}.Debug|Any CPU.Build.0 = Debug|Any CPU
		{456911AD-63A9-4441-AB04-95AE096820FB}.Release|Any CPU.ActiveCfg = Release|Any CPU
		{456911AD-63A9-4441-AB04-95AE096820FB}.Release|Any CPU.Build.0 = Release|Any CPU
	EndGlobalSection
	GlobalSection(SolutionProperties) = preSolution
		HideSolutionNode = FALSE
	EndGlobalSection
	GlobalSection(ExtensibilityGlobals) = postSolution
		SolutionGuid = {821706C8-6DDC-4180-AED8-4C803E351FD0}
	EndGlobalSection
EndGlobal
